
Microsoft Visual Studio Solution File, Format Version 12.00
# Visual Studio Version 16
VisualStudioVersion = 25.0.1705.6
MinimumVisualStudioVersion = 10.0.40219.1
Project("{FAE04EC0-301F-11D3-BF4B-00C04F79EFBC}") = "TestConsoleTwo", "TestConsoleTwo\TestConsoleTwo.csproj", "{E3978C6A-F078-4390-ABCD-A7F8D65ACCCD}"
EndProject
Global
	GlobalSection(SolutionConfigurationPlatforms) = preSolution
		Debug|Any CPU = Debug|Any CPU
		Release|Any CPU = Release|Any CPU
	EndGlobalSection
	GlobalSection(ProjectConfigurationPlatforms) = postSolution
		{E3978C6A-F078-4390-ABCD-A7F8D65ACCCD}.Debug|Any CPU.ActiveCfg = Debug|Any CPU
		{E3978C6A-F078-4390-ABCD-A7F8D65ACCCD}.Debug|Any CPU.Build.0 = Debug|Any CPU
		{E3978C6A-F078-4390-ABCD-A7F8D65ACCCD}.Release|Any CPU.ActiveCfg = Release|Any CPU
		{E3978C6A-F078-4390-ABCD-A7F8D65ACCCD}.Release|Any CPU.Build.0 = Release|Any CPU
	EndGlobalSection
	GlobalSection(SolutionProperties) = preSolution
		HideSolutionNode = FALSE
	EndGlobalSection
	GlobalSection(ExtensibilityGlobals) = postSolution
		SolutionGuid = {F645E0B1-864C-4952-A8A0-86791A3B6822}
	EndGlobalSection
EndGlobal
